
Microsoft Visual Studio Solution File, Format Version 12.00
# Visual Studio 14
VisualStudioVersion = 14.0.25123.0
MinimumVisualStudioVersion = 10.0.40219.1
Project("{8BC9CEB8-8B4A-11D0-8D11-00A0C91BC942}") = "InjectByCreateRemotThread", "InjectByCreateRemotThread\InjectByCreateRemotThread.vcxproj", "{5F33EDF9-18A9-469C-87E5-6DD1896C1EA3}"
EndProject
Project("{8BC9CEB8-8B4A-11D0-8D11-00A0C91BC942}") = "DLL", "DLL\DLL.vcxproj", "{A60EF1DD-1659-4A31-942E-B90DEFF0C1E9}"
EndProject
Global
	GlobalSection(SolutionConfigurationPlatforms) = preSolution
		Debug|x64 = Debug|x64
		Debug|x86 = Debug|x86
		Release|x64 = Release|x64
		Release|x86 = Release|x86
	EndGlobalSection
	GlobalSection(ProjectConfigurationPlatforms) = postSolution
		{5F33EDF9-18A9-469C-87E5-6DD1896C1EA3}.Debug|x64.ActiveCfg = Debug|x64
		{5F33EDF9-18A9-469C-87E5-6DD1896C1EA3}.Debug|x64.Build.0 = Debug|x64
		{5F33EDF9-18A9-469C-87E5-6DD1896C1EA3}.Debug|x86.ActiveCfg = Debug|Win32
		{5F33EDF9-18A9-469C-87E5-6DD1896C1EA3}.Debug|x86.Build.0 = Debug|Win32
		{5F33EDF9-18A9-469C-87E5-6DD1896C1EA3}.Release|x64.ActiveCfg = Release|x64
		{5F33EDF9-18A9-469C-87E5-6DD1896C1EA3}.Release|x64.Build.0 = Release|x64
		{5F33EDF9-18A9-469C-87E5-6DD1896C1EA3}.Release|x86.ActiveCfg = Release|Win32
		{5F33EDF9-18A9-469C-87E5-6DD1896C1EA3}.Release|x86.Build.0 = Release|Win32
		{A60EF1DD-1659-4A31-942E-B90DEFF0C1E9}.Debug|x64.ActiveCfg = Debug|x64
		{A60EF1DD-1659-4A31-942E-B90DEFF0C1E9}.Debug|x64.Build.0 = Debug|x64
		{A60EF1DD-1659-4A31-942E-B90DEFF0C1E9}.Debug|x86.ActiveCfg = Debug|Win32
		{A60EF1DD-1659-4A31-942E-B90DEFF0C1E9}.Debug|x86.Build.0 = Debug|Win32
		{A60EF1DD-1659-4A31-942E-B90DEFF0C1E9}.Release|x64.ActiveCfg = Release|x64
		{A60EF1DD-1659-4A31-942E-B90DEFF0C1E9}.Release|x64.Build.0 = Release|x64
		{A60EF1DD-1659-4A31-942E-B90DEFF0C1E9}.Release|x86.ActiveCfg = Release|Win32
		{A60EF1DD-1659-4A31-942E-B90DEFF0C1E9}.Release|x86.Build.0 = Release|Win32
	EndGlobalSection
	GlobalSection(SolutionProperties) = preSolution
		HideSolutionNode = FALSE
	EndGlobalSection
EndGlobal
