
Microsoft Visual Studio Solution File, Format Version 12.00
# Visual Studio 14
VisualStudioVersion = 14.0.25123.0
MinimumVisualStudioVersion = 10.0.40219.1
Project("{8BC9CEB8-8B4A-11D0-8D11-00A0C91BC942}") = "InjectDllyReflective", "InjectDllyReflective\InjectDllyReflective.vcxproj", "{CA04DF27-6016-40AE-B443-7F422AD1A54B}"
EndProject
Project("{8BC9CEB8-8B4A-11D0-8D11-00A0C91BC942}") = "Dll", "Dll\Dll.vcxproj", "{0AFAE4CB-8591-40D9-A69C-6A2E749D8B0B}"
EndProject
Global
	GlobalSection(SolutionConfigurationPlatforms) = preSolution
		Debug|x64 = Debug|x64
		Debug|x86 = Debug|x86
		Release|x64 = Release|x64
		Release|x86 = Release|x86
	EndGlobalSection
	GlobalSection(ProjectConfigurationPlatforms) = postSolution
		{CA04DF27-6016-40AE-B443-7F422AD1A54B}.Debug|x64.ActiveCfg = Debug|x64
		{CA04DF27-6016-40AE-B443-7F422AD1A54B}.Debug|x64.Build.0 = Debug|x64
		{CA04DF27-6016-40AE-B443-7F422AD1A54B}.Debug|x86.ActiveCfg = Debug|Win32
		{CA04DF27-6016-40AE-B443-7F422AD1A54B}.Debug|x86.Build.0 = Debug|Win32
		{CA04DF27-6016-40AE-B443-7F422AD1A54B}.Release|x64.ActiveCfg = Release|x64
		{CA04DF27-6016-40AE-B443-7F422AD1A54B}.Release|x64.Build.0 = Release|x64
		{CA04DF27-6016-40AE-B443-7F422AD1A54B}.Release|x86.ActiveCfg = Release|Win32
		{CA04DF27-6016-40AE-B443-7F422AD1A54B}.Release|x86.Build.0 = Release|Win32
		{0AFAE4CB-8591-40D9-A69C-6A2E749D8B0B}.Debug|x64.ActiveCfg = Debug|x64
		{0AFAE4CB-8591-40D9-A69C-6A2E749D8B0B}.Debug|x64.Build.0 = Debug|x64
		{0AFAE4CB-8591-40D9-A69C-6A2E749D8B0B}.Debug|x86.ActiveCfg = Debug|Win32
		{0AFAE4CB-8591-40D9-A69C-6A2E749D8B0B}.Debug|x86.Build.0 = Debug|Win32
		{0AFAE4CB-8591-40D9-A69C-6A2E749D8B0B}.Release|x64.ActiveCfg = Release|x64
		{0AFAE4CB-8591-40D9-A69C-6A2E749D8B0B}.Release|x64.Build.0 = Release|x64
		{0AFAE4CB-8591-40D9-A69C-6A2E749D8B0B}.Release|x86.ActiveCfg = Release|Win32
		{0AFAE4CB-8591-40D9-A69C-6A2E749D8B0B}.Release|x86.Build.0 = Release|Win32
	EndGlobalSection
	GlobalSection(SolutionProperties) = preSolution
		HideSolutionNode = FALSE
	EndGlobalSection
EndGlobal
